
Microsoft Visual Studio Solution File, Format Version 12.00
# Visual Studio Version 16
VisualStudioVersion = 16.0.29728.190
MinimumVisualStudioVersion = 10.0.40219.1
Project("{FAE04EC0-301F-11D3-BF4B-00C04F79EFBC}") = "IconsGenerator", "IconsGenerator.csproj", "{782382F7-16C2-4493-B062-95EC61220670}"
EndProject
Global
	GlobalSection(SolutionConfigurationPlatforms) = preSolution
		Debug|Any CPU = Debug|Any CPU
		Release|Any CPU = Release|Any CPU
	EndGlobalSection
	GlobalSection(ProjectConfigurationPlatforms) = postSolution
		{782382F7-16C2-4493-B062-95EC61220670}.Debug|Any CPU.ActiveCfg = Debug|Any CPU
		{782382F7-16C2-4493-B062-95EC61220670}.Debug|Any CPU.Build.0 = Debug|Any CPU
		{782382F7-16C2-4493-B062-95EC61220670}.Release|Any CPU.ActiveCfg = Release|Any CPU
		{782382F7-16C2-4493-B062-95EC61220670}.Release|Any CPU.Build.0 = Release|Any CPU
	EndGlobalSection
	GlobalSection(SolutionProperties) = preSolution
		HideSolutionNode = FALSE
	EndGlobalSection
	GlobalSection(ExtensibilityGlobals) = postSolution
		SolutionGuid = {52A12F17-94FD-4295-B4DE-85DE82E4C705}
	EndGlobalSection
EndGlobal
